
Microsoft Visual Studio Solution File, Format Version 12.00
# Visual Studio 2013
VisualStudioVersion = 12.0.31101.0
MinimumVisualStudioVersion = 10.0.40219.1
Project("{FAE04EC0-301F-11D3-BF4B-00C04F79EFBC}") = "netspecs", "src\netspecs.csproj", "{D3F4DA2E-B01C-4518-86E5-22913C404208}"
EndProject
Project("{2150E333-8FDC-42A3-9474-1A3956D46DE8}") = "tests", "tests", "{3F06AE52-0EA9-4F47-BC9C-755D7775470F}"
EndProject
Project("{FAE04EC0-301F-11D3-BF4B-00C04F79EFBC}") = "netspecs.Tests", "tests\netspecs.Tests\netspecs.Tests.csproj", "{537222B2-7D5F-445F-A96D-850F4DCE3E0A}"
EndProject
Project("{FAE04EC0-301F-11D3-BF4B-00C04F79EFBC}") = "netspecs.EF.Tests", "tests\netspecs.EF.Tests\netspecs.EF.Tests.csproj", "{7F0DCA27-903F-4BD5-9316-0E604483866D}"
EndProject
Global
	GlobalSection(SolutionConfigurationPlatforms) = preSolution
		Debug|Any CPU = Debug|Any CPU
		Release|Any CPU = Release|Any CPU
	EndGlobalSection
	GlobalSection(ProjectConfigurationPlatforms) = postSolution
		{D3F4DA2E-B01C-4518-86E5-22913C404208}.Debug|Any CPU.ActiveCfg = Debug|Any CPU
		{D3F4DA2E-B01C-4518-86E5-22913C404208}.Debug|Any CPU.Build.0 = Debug|Any CPU
		{D3F4DA2E-B01C-4518-86E5-22913C404208}.Release|Any CPU.ActiveCfg = Release|Any CPU
		{D3F4DA2E-B01C-4518-86E5-22913C404208}.Release|Any CPU.Build.0 = Release|Any CPU
		{537222B2-7D5F-445F-A96D-850F4DCE3E0A}.Debug|Any CPU.ActiveCfg = Debug|Any CPU
		{537222B2-7D5F-445F-A96D-850F4DCE3E0A}.Debug|Any CPU.Build.0 = Debug|Any CPU
		{537222B2-7D5F-445F-A96D-850F4DCE3E0A}.Release|Any CPU.ActiveCfg = Release|Any CPU
		{537222B2-7D5F-445F-A96D-850F4DCE3E0A}.Release|Any CPU.Build.0 = Release|Any CPU
		{7F0DCA27-903F-4BD5-9316-0E604483866D}.Debug|Any CPU.ActiveCfg = Debug|Any CPU
		{7F0DCA27-903F-4BD5-9316-0E604483866D}.Debug|Any CPU.Build.0 = Debug|Any CPU
		{7F0DCA27-903F-4BD5-9316-0E604483866D}.Release|Any CPU.ActiveCfg = Release|Any CPU
		{7F0DCA27-903F-4BD5-9316-0E604483866D}.Release|Any CPU.Build.0 = Release|Any CPU
	EndGlobalSection
	GlobalSection(SolutionProperties) = preSolution
		HideSolutionNode = FALSE
	EndGlobalSection
	GlobalSection(NestedProjects) = preSolution
		{537222B2-7D5F-445F-A96D-850F4DCE3E0A} = {3F06AE52-0EA9-4F47-BC9C-755D7775470F}
		{7F0DCA27-903F-4BD5-9316-0E604483866D} = {3F06AE52-0EA9-4F47-BC9C-755D7775470F}
	EndGlobalSection
EndGlobal
